
Microsoft Visual Studio Solution File, Format Version 12.00
# Visual Studio Version 17
VisualStudioVersion = 17.10.34928.147
MinimumVisualStudioVersion = 10.0.40219.1
Project("{FAE04EC0-301F-11D3-BF4B-00C04F79EFBC}") = "Child_mg", "Child_mg\Child_mg.csproj", "{B008068E-B9E7-40A0-95F2-5E94F2BC1A84}"
EndProject
Global
	GlobalSection(SolutionConfigurationPlatforms) = preSolution
		Debug|Any CPU = Debug|Any CPU
		Release|Any CPU = Release|Any CPU
	EndGlobalSection
	GlobalSection(ProjectConfigurationPlatforms) = postSolution
		{B008068E-B9E7-40A0-95F2-5E94F2BC1A84}.Debug|Any CPU.ActiveCfg = Debug|Any CPU
		{B008068E-B9E7-40A0-95F2-5E94F2BC1A84}.Debug|Any CPU.Build.0 = Debug|Any CPU
		{B008068E-B9E7-40A0-95F2-5E94F2BC1A84}.Release|Any CPU.ActiveCfg = Release|Any CPU
		{B008068E-B9E7-40A0-95F2-5E94F2BC1A84}.Release|Any CPU.Build.0 = Release|Any CPU
	EndGlobalSection
	GlobalSection(SolutionProperties) = preSolution
		HideSolutionNode = FALSE
	EndGlobalSection
	GlobalSection(ExtensibilityGlobals) = postSolution
		SolutionGuid = {42B85A5E-B8D9-441A-9E63-BC396F46A484}
	EndGlobalSection
EndGlobal
